<?xml version="1.0" encoding="utf-8"?>
<Project DefaultTargets="Build" ToolsVersion="14.0" xmlns="http://schemas.microsoft.com/developer/msbuild/2003">
  <ItemGroup Label="ProjectConfigurations">
    <ProjectConfiguration Include="Debug|ARM">
      <Configuration>Debug</Configuration>
      <Platform>ARM</Platform>
    </ProjectConfiguration>
  </ItemGroup>
  <PropertyGroup Label="Globals">
    <ApplicationType>LinuxDebugger</ApplicationType>
    <SecureShellExecutable>ssh</SecureShellExecutable>
    <RemoteDebuggerExecutable>gdb</RemoteDebuggerExecutable>
    <LocalDebuggerExecutable>gdb</LocalDebuggerExecutable>
    <ProjectGuid>{96163BAE-1B8A-47CA-9BF3-A742C0875035}</ProjectGuid>
  </PropertyGroup>
  <Import Project="$(VCTargetsPath)\Microsoft.Cpp.Default.props" />
  <PropertyGroup Condition="'$(Configuration)|$(Platform)'=='Debug|ARM'" Label="Configuration">
    <ConfigurationType>Makefile</ConfigurationType>
    <UseDebugLibraries>true</UseDebugLibraries>
    <PlatformToolset>v140</PlatformToolset>
  </PropertyGroup>

  <Import Project="$(VCTargetsPath)\Microsoft.Cpp.props" />
  <ImportGroup Label="ExtensionSettings">
  </ImportGroup>
  <ImportGroup Label="Shared">
  </ImportGroup>
  <ImportGroup Condition="'$(Configuration)|$(Platform)'=='Debug|ARM'" Label="PropertySheets">
    <Import Project="$(UserRootDir)\Microsoft.Cpp.$(Platform).user.props" Condition="exists('$(UserRootDir)\Microsoft.Cpp.$(Platform).user.props')" Label="LocalAppDataPlatform" />
  </ImportGroup>

  <ItemGroup>
    {% for group_name,files in source_groups.items() %} {% for file in files %}
    <ClCompile Include="{{file}}" />
    {% endfor %}{% endfor %}
  </ItemGroup>
  <ItemGroup>
    {% for group_name,files in include_groups.items() %} {% for file in files %}
    <ClInclude Include="{{file}}" />
    {% endfor %}{% endfor %}
  </ItemGroup>
  <Import Project="$(VCTargetsPath)\Microsoft.Cpp.targets" />
  <PropertyGroup Condition="'$(Configuration)|$(Platform)'=='Debug|ARM'">
    <NMakeBuildCommandLine>{{build_command}}</NMakeBuildCommandLine>
    <OutDir>$(ProjDir)</OutDir>
    <IntDir>$(ProjDir)\sources</IntDir>
    <IncludePath>{%for include in include_paths%} {{include}} {% endfor %}</IncludePath>
    <LibraryWPath>
    </LibraryWPath>
    <NMakeReBuildCommandLine>{{rebuild_command}}</NMakeReBuildCommandLine>
    <NMakeCleanCommandLine>{{clean_command}}</NMakeCleanCommandLine>
    <ExecutablePath>{{executable_path}}</ExecutablePath>
    <ReferencePath>
    </ReferencePath>
    <LibraryPath>
    </LibraryPath>
    <SourcePath />
    <ExcludePath />
  </PropertyGroup>
  <ItemDefinitionGroup Condition="'$(Configuration)|$(Platform)'=='Debug|ARM'">
    <BuildLog>
      <Path>$(ProjDir)1.log</Path>
    </BuildLog>
  </ItemDefinitionGroup>
  <ImportGroup Label="ExtensionTargets">
  </ImportGroup>
</Project>
